// !$*UTF8*$!
{
	archiveVersion = 1;
	classes = {
	};
	objectVersion = 46;
	objects = {

/* Begin PBXBuildFile section */
		0FD8218A6FD2025C165FA378 /* Pods_BuildGuildTests.framework in Frameworks */ = {isa = PBXBuildFile; fileRef = DC4F452DCD8835CC953E2E48 /* Pods_BuildGuildTests.framework */; };
		6089E479ACB727EA8E6FBFF2 /* Pods_BuildGuild.framework in Frameworks */ = {isa = PBXBuildFile; fileRef = F01CEDC69ED944D7BF41F16B /* Pods_BuildGuild.framework */; };
		C121CE491DB73330008EE9BD /* AppDelegate.swift in Sources */ = {isa = PBXBuildFile; fileRef = C121CE481DB73330008EE9BD /* AppDelegate.swift */; };
		C121CE4B1DB73330008EE9BD /* ViewController.swift in Sources */ = {isa = PBXBuildFile; fileRef = C121CE4A1DB73330008EE9BD /* ViewController.swift */; };
		C121CE4E1DB73330008EE9BD /* Main.storyboard in Resources */ = {isa = PBXBuildFile; fileRef = C121CE4C1DB73330008EE9BD /* Main.storyboard */; };
		C121CE511DB73330008EE9BD /* BuildGuild.xcdatamodeld in Sources */ = {isa = PBXBuildFile; fileRef = C121CE4F1DB73330008EE9BD /* BuildGuild.xcdatamodeld */; };
		C121CE531DB73330008EE9BD /* Assets.xcassets in Resources */ = {isa = PBXBuildFile; fileRef = C121CE521DB73330008EE9BD /* Assets.xcassets */; };
		C121CE561DB73330008EE9BD /* LaunchScreen.storyboard in Resources */ = {isa = PBXBuildFile; fileRef = C121CE541DB73330008EE9BD /* LaunchScreen.storyboard */; };
		C121CE611DB73330008EE9BD /* BuildGuildTests.swift in Sources */ = {isa = PBXBuildFile; fileRef = C121CE601DB73330008EE9BD /* BuildGuildTests.swift */; };
		C121CE6C1DB73330008EE9BD /* BuildGuildUITests.swift in Sources */ = {isa = PBXBuildFile; fileRef = C121CE6B1DB73330008EE9BD /* BuildGuildUITests.swift */; };
		C121CE7C1DB764C1008EE9BD /* PkmnTableViewCell.swift in Sources */ = {isa = PBXBuildFile; fileRef = C121CE7B1DB764C1008EE9BD /* PkmnTableViewCell.swift */; };
		C121CE7E1DB76769008EE9BD /* PkmnTableViewController.swift in Sources */ = {isa = PBXBuildFile; fileRef = C121CE7D1DB76769008EE9BD /* PkmnTableViewController.swift */; };
		C121CE801DB76813008EE9BD /* Pkmn.swift in Sources */ = {isa = PBXBuildFile; fileRef = C121CE7F1DB76813008EE9BD /* Pkmn.swift */; };
		FDA5C424DF6F12A9C4BFFED3 /* Pods_BuildGuildUITests.framework in Frameworks */ = {isa = PBXBuildFile; fileRef = 839B2095DCCF92C62228E848 /* Pods_BuildGuildUITests.framework */; };
/* End PBXBuildFile section */

/* Begin PBXContainerItemProxy section */
		C121CE5D1DB73330008EE9BD /* PBXContainerItemProxy */ = {
			isa = PBXContainerItemProxy;
			containerPortal = C121CE3D1DB73330008EE9BD /* Project object */;
			proxyType = 1;
			remoteGlobalIDString = C121CE441DB73330008EE9BD;
			remoteInfo = BuildGuild;
		};
		C121CE681DB73330008EE9BD /* PBXContainerItemProxy */ = {
			isa = PBXContainerItemProxy;
			containerPortal = C121CE3D1DB73330008EE9BD /* Project object */;
			proxyType = 1;
			remoteGlobalIDString = C121CE441DB73330008EE9BD;
			remoteInfo = BuildGuild;
		};
/* End PBXContainerItemProxy section */

/* Begin PBXFileReference section */
		839B2095DCCF92C62228E848 /* Pods_BuildGuildUITests.framework */ = {isa = PBXFileReference; explicitFileType = wrapper.framework; includeInIndex = 0; path = Pods_BuildGuildUITests.framework; sourceTree = BUILT_PRODUCTS_DIR; };
		A6D64817541DC1B83181A9F5 /* Pods-BuildGuild.debug.xcconfig */ = {isa = PBXFileReference; includeInIndex = 1; lastKnownFileType = text.xcconfig; name = "Pods-BuildGuild.debug.xcconfig"; path = "Pods/Target Support Files/Pods-BuildGuild/Pods-BuildGuild.debug.xcconfig"; sourceTree = "<group>"; };
		ABF66337758597CA0FC5E235 /* Pods-BuildGuild.release.xcconfig */ = {isa = PBXFileReference; includeInIndex = 1; lastKnownFileType = text.xcconfig; name = "Pods-BuildGuild.release.xcconfig"; path = "Pods/Target Support Files/Pods-BuildGuild/Pods-BuildGuild.release.xcconfig"; sourceTree = "<group>"; };
		BDD0C6E4956D1DEA12B30A1B /* Pods-BuildGuildTests.release.xcconfig */ = {isa = PBXFileReference; includeInIndex = 1; lastKnownFileType = text.xcconfig; name = "Pods-BuildGuildTests.release.xcconfig"; path = "Pods/Target Support Files/Pods-BuildGuildTests/Pods-BuildGuildTests.release.xcconfig"; sourceTree = "<group>"; };
		C121CE451DB73330008EE9BD /* BuildGuild.app */ = {isa = PBXFileReference; explicitFileType = wrapper.application; includeInIndex = 0; path = BuildGuild.app; sourceTree = BUILT_PRODUCTS_DIR; };
		C121CE481DB73330008EE9BD /* AppDelegate.swift */ = {isa = PBXFileReference; lastKnownFileType = sourcecode.swift; path = AppDelegate.swift; sourceTree = "<group>"; };
		C121CE4A1DB73330008EE9BD /* ViewController.swift */ = {isa = PBXFileReference; lastKnownFileType = sourcecode.swift; path = ViewController.swift; sourceTree = "<group>"; };
		C121CE4D1DB73330008EE9BD /* Base */ = {isa = PBXFileReference; lastKnownFileType = file.storyboard; name = Base; path = Base.lproj/Main.storyboard; sourceTree = "<group>"; };
		C121CE501DB73330008EE9BD /* BuildGuild.xcdatamodel */ = {isa = PBXFileReference; lastKnownFileType = wrapper.xcdatamodel; path = BuildGuild.xcdatamodel; sourceTree = "<group>"; };
		C121CE521DB73330008EE9BD /* Assets.xcassets */ = {isa = PBXFileReference; lastKnownFileType = folder.assetcatalog; path = Assets.xcassets; sourceTree = "<group>"; };
		C121CE551DB73330008EE9BD /* Base */ = {isa = PBXFileReference; lastKnownFileType = file.storyboard; name = Base; path = Base.lproj/LaunchScreen.storyboard; sourceTree = "<group>"; };
		C121CE571DB73330008EE9BD /* Info.plist */ = {isa = PBXFileReference; lastKnownFileType = text.plist.xml; path = Info.plist; sourceTree = "<group>"; };
		C121CE5C1DB73330008EE9BD /* BuildGuildTests.xctest */ = {isa = PBXFileReference; explicitFileType = wrapper.cfbundle; includeInIndex = 0; path = BuildGuildTests.xctest; sourceTree = BUILT_PRODUCTS_DIR; };
		C121CE601DB73330008EE9BD /* BuildGuildTests.swift */ = {isa = PBXFileReference; lastKnownFileType = sourcecode.swift; path = BuildGuildTests.swift; sourceTree = "<group>"; };
		C121CE621DB73330008EE9BD /* Info.plist */ = {isa = PBXFileReference; lastKnownFileType = text.plist.xml; path = Info.plist; sourceTree = "<group>"; };
		C121CE671DB73330008EE9BD /* BuildGuildUITests.xctest */ = {isa = PBXFileReference; explicitFileType = wrapper.cfbundle; includeInIndex = 0; path = BuildGuildUITests.xctest; sourceTree = BUILT_PRODUCTS_DIR; };
		C121CE6B1DB73330008EE9BD /* BuildGuildUITests.swift */ = {isa = PBXFileReference; lastKnownFileType = sourcecode.swift; path = BuildGuildUITests.swift; sourceTree = "<group>"; };
		C121CE6D1DB73330008EE9BD /* Info.plist */ = {isa = PBXFileReference; lastKnownFileType = text.plist.xml; path = Info.plist; sourceTree = "<group>"; };
		C121CE7B1DB764C1008EE9BD /* PkmnTableViewCell.swift */ = {isa = PBXFileReference; fileEncoding = 4; lastKnownFileType = sourcecode.swift; path = PkmnTableViewCell.swift; sourceTree = "<group>"; };
		C121CE7D1DB76769008EE9BD /* PkmnTableViewController.swift */ = {isa = PBXFileReference; fileEncoding = 4; lastKnownFileType = sourcecode.swift; path = PkmnTableViewController.swift; sourceTree = "<group>"; };
		C121CE7F1DB76813008EE9BD /* Pkmn.swift */ = {isa = PBXFileReference; fileEncoding = 4; lastKnownFileType = sourcecode.swift; path = Pkmn.swift; sourceTree = "<group>"; };
		CE839F0CE94A8BB44C77BED0 /* Pods-BuildGuildUITests.debug.xcconfig */ = {isa = PBXFileReference; includeInIndex = 1; lastKnownFileType = text.xcconfig; name = "Pods-BuildGuildUITests.debug.xcconfig"; path = "Pods/Target Support Files/Pods-BuildGuildUITests/Pods-BuildGuildUITests.debug.xcconfig"; sourceTree = "<group>"; };
		DC4F452DCD8835CC953E2E48 /* Pods_BuildGuildTests.framework */ = {isa = PBXFileReference; explicitFileType = wrapper.framework; includeInIndex = 0; path = Pods_BuildGuildTests.framework; sourceTree = BUILT_PRODUCTS_DIR; };
		EE8B4476BF06F7088CFE8E50 /* Pods-BuildGuildTests.debug.xcconfig */ = {isa = PBXFileReference; includeInIndex = 1; lastKnownFileType = text.xcconfig; name = "Pods-BuildGuildTests.debug.xcconfig"; path = "Pods/Target Support Files/Pods-BuildGuildTests/Pods-BuildGuildTests.debug.xcconfig"; sourceTree = "<group>"; };
		F01CEDC69ED944D7BF41F16B /* Pods_BuildGuild.framework */ = {isa = PBXFileReference; explicitFileType = wrapper.framework; includeInIndex = 0; path = Pods_BuildGuild.framework; sourceTree = BUILT_PRODUCTS_DIR; };
		FCEE7E0AD2AF65BF1944D2DA /* Pods-BuildGuildUITests.release.xcconfig */ = {isa = PBXFileReference; includeInIndex = 1; lastKnownFileType = text.xcconfig; name = "Pods-BuildGuildUITests.release.xcconfig"; path = "Pods/Target Support Files/Pods-BuildGuildUITests/Pods-BuildGuildUITests.release.xcconfig"; sourceTree = "<group>"; };
/* End PBXFileReference section */

/* Begin PBXFrameworksBuildPhase section */
		C121CE421DB73330008EE9BD /* Frameworks */ = {
			isa = PBXFrameworksBuildPhase;
			buildActionMask = 2147483647;
			files = (
				6089E479ACB727EA8E6FBFF2 /* Pods_BuildGuild.framework in Frameworks */,
			);
			runOnlyForDeploymentPostprocessing = 0;
		};
		C121CE591DB73330008EE9BD /* Frameworks */ = {
			isa = PBXFrameworksBuildPhase;
			buildActionMask = 2147483647;
			files = (
				0FD8218A6FD2025C165FA378 /* Pods_BuildGuildTests.framework in Frameworks */,
			);
			runOnlyForDeploymentPostprocessing = 0;
		};
		C121CE641DB73330008EE9BD /* Frameworks */ = {
			isa = PBXFrameworksBuildPhase;
			buildActionMask = 2147483647;
			files = (
				FDA5C424DF6F12A9C4BFFED3 /* Pods_BuildGuildUITests.framework in Frameworks */,
			);
			runOnlyForDeploymentPostprocessing = 0;
		};
/* End PBXFrameworksBuildPhase section */

/* Begin PBXGroup section */
		4616B324FD868371229C5925 /* Pods */ = {
			isa = PBXGroup;
			children = (
				A6D64817541DC1B83181A9F5 /* Pods-BuildGuild.debug.xcconfig */,
				ABF66337758597CA0FC5E235 /* Pods-BuildGuild.release.xcconfig */,
				EE8B4476BF06F7088CFE8E50 /* Pods-BuildGuildTests.debug.xcconfig */,
				BDD0C6E4956D1DEA12B30A1B /* Pods-BuildGuildTests.release.xcconfig */,
				CE839F0CE94A8BB44C77BED0 /* Pods-BuildGuildUITests.debug.xcconfig */,
				FCEE7E0AD2AF65BF1944D2DA /* Pods-BuildGuildUITests.release.xcconfig */,
			);
			name = Pods;
			sourceTree = "<group>";
		};
		85B7342D144B1ABAFF2261A0 /* Frameworks */ = {
			isa = PBXGroup;
			children = (
				F01CEDC69ED944D7BF41F16B /* Pods_BuildGuild.framework */,
				DC4F452DCD8835CC953E2E48 /* Pods_BuildGuildTests.framework */,
				839B2095DCCF92C62228E848 /* Pods_BuildGuildUITests.framework */,
			);
			name = Frameworks;
			sourceTree = "<group>";
		};
		C121CE3C1DB73330008EE9BD = {
			isa = PBXGroup;
			children = (
				C121CE471DB73330008EE9BD /* BuildGuild */,
				C121CE5F1DB73330008EE9BD /* BuildGuildTests */,
				C121CE6A1DB73330008EE9BD /* BuildGuildUITests */,
				C121CE461DB73330008EE9BD /* Products */,
				4616B324FD868371229C5925 /* Pods */,
				85B7342D144B1ABAFF2261A0 /* Frameworks */,
			);
			sourceTree = "<group>";
		};
		C121CE461DB73330008EE9BD /* Products */ = {
			isa = PBXGroup;
			children = (
				C121CE451DB73330008EE9BD /* BuildGuild.app */,
				C121CE5C1DB73330008EE9BD /* BuildGuildTests.xctest */,
				C121CE671DB73330008EE9BD /* BuildGuildUITests.xctest */,
			);
			name = Products;
			sourceTree = "<group>";
		};
		C121CE471DB73330008EE9BD /* BuildGuild */ = {
			isa = PBXGroup;
			children = (
				C121CE481DB73330008EE9BD /* AppDelegate.swift */,
				C121CE4A1DB73330008EE9BD /* ViewController.swift */,
				C121CE4C1DB73330008EE9BD /* Main.storyboard */,
				C121CE7D1DB76769008EE9BD /* PkmnTableViewController.swift */,
				C121CE7F1DB76813008EE9BD /* Pkmn.swift */,
				C121CE7B1DB764C1008EE9BD /* PkmnTableViewCell.swift */,
				C121CE521DB73330008EE9BD /* Assets.xcassets */,
				C121CE541DB73330008EE9BD /* LaunchScreen.storyboard */,
				C121CE571DB73330008EE9BD /* Info.plist */,
				C121CE4F1DB73330008EE9BD /* BuildGuild.xcdatamodeld */,
			);
			path = BuildGuild;
			sourceTree = "<group>";
		};
		C121CE5F1DB73330008EE9BD /* BuildGuildTests */ = {
			isa = PBXGroup;
			children = (
				C121CE601DB73330008EE9BD /* BuildGuildTests.swift */,
				C121CE621DB73330008EE9BD /* Info.plist */,
			);
			path = BuildGuildTests;
			sourceTree = "<group>";
		};
		C121CE6A1DB73330008EE9BD /* BuildGuildUITests */ = {
			isa = PBXGroup;
			children = (
				C121CE6B1DB73330008EE9BD /* BuildGuildUITests.swift */,
				C121CE6D1DB73330008EE9BD /* Info.plist */,
			);
			path = BuildGuildUITests;
			sourceTree = "<group>";
		};
/* End PBXGroup section */

/* Begin PBXNativeTarget section */
		C121CE441DB73330008EE9BD /* BuildGuild */ = {
			isa = PBXNativeTarget;
			buildConfigurationList = C121CE701DB73330008EE9BD /* Build configuration list for PBXNativeTarget "BuildGuild" */;
			buildPhases = (
				8F076C354B758D03EA81612F /* [CP] Check Pods Manifest.lock */,
				C121CE411DB73330008EE9BD /* Sources */,
				C121CE421DB73330008EE9BD /* Frameworks */,
				C121CE431DB73330008EE9BD /* Resources */,
				AC52AF70E781E4E269C01538 /* [CP] Embed Pods Frameworks */,
				0254400BFB8233238F58D54C /* [CP] Copy Pods Resources */,
			);
			buildRules = (
			);
			dependencies = (
			);
			name = BuildGuild;
			productName = BuildGuild;
			productReference = C121CE451DB73330008EE9BD /* BuildGuild.app */;
			productType = "com.apple.product-type.application";
		};
		C121CE5B1DB73330008EE9BD /* BuildGuildTests */ = {
			isa = PBXNativeTarget;
			buildConfigurationList = C121CE731DB73330008EE9BD /* Build configuration list for PBXNativeTarget "BuildGuildTests" */;
			buildPhases = (
				696CBE02D944834486B8B563 /* [CP] Check Pods Manifest.lock */,
				C121CE581DB73330008EE9BD /* Sources */,
				C121CE591DB73330008EE9BD /* Frameworks */,
				C121CE5A1DB73330008EE9BD /* Resources */,
				E3FA34B5D146D3E34EF57EE8 /* [CP] Embed Pods Frameworks */,
				2C02CBB326BF8F0E3F7F8F8F /* [CP] Copy Pods Resources */,
			);
			buildRules = (
			);
			dependencies = (
				C121CE5E1DB73330008EE9BD /* PBXTargetDependency */,
			);
			name = BuildGuildTests;
			productName = BuildGuildTests;
			productReference = C121CE5C1DB73330008EE9BD /* BuildGuildTests.xctest */;
			productType = "com.apple.product-type.bundle.unit-test";
		};
		C121CE661DB73330008EE9BD /* BuildGuildUITests */ = {
			isa = PBXNativeTarget;
			buildConfigurationList = C121CE761DB73330008EE9BD /* Build configuration list for PBXNativeTarget "BuildGuildUITests" */;
			buildPhases = (
				2E637791A0ADE290E583BBB8 /* [CP] Check Pods Manifest.lock */,
				C121CE631DB73330008EE9BD /* Sources */,
				C121CE641DB73330008EE9BD /* Frameworks */,
				C121CE651DB73330008EE9BD /* Resources */,
				A2508EC6F0357212BE08CE9B /* [CP] Copy Pods Resources */,
			);
			buildRules = (
			);
			dependencies = (
				C121CE691DB73330008EE9BD /* PBXTargetDependency */,
			);
			name = BuildGuildUITests;
			productName = BuildGuildUITests;
			productReference = C121CE671DB73330008EE9BD /* BuildGuildUITests.xctest */;
			productType = "com.apple.product-type.bundle.ui-testing";
		};
/* End PBXNativeTarget section */

/* Begin PBXProject section */
		C121CE3D1DB73330008EE9BD /* Project object */ = {
			isa = PBXProject;
			attributes = {
				LastSwiftUpdateCheck = 0730;
				LastUpgradeCheck = 0730;
				ORGANIZATIONNAME = BuildGuild;
				TargetAttributes = {
					C121CE441DB73330008EE9BD = {
						CreatedOnToolsVersion = 7.3.1;
						DevelopmentTeam = R83AX8QQGA;
					};
					C121CE5B1DB73330008EE9BD = {
						CreatedOnToolsVersion = 7.3.1;
						DevelopmentTeam = R83AX8QQGA;
						TestTargetID = C121CE441DB73330008EE9BD;
					};
					C121CE661DB73330008EE9BD = {
						CreatedOnToolsVersion = 7.3.1;
						DevelopmentTeam = R83AX8QQGA;
						TestTargetID = C121CE441DB73330008EE9BD;
					};
				};
			};
			buildConfigurationList = C121CE401DB73330008EE9BD /* Build configuration list for PBXProject "BuildGuild" */;
			compatibilityVersion = "Xcode 3.2";
			developmentRegion = English;
			hasScannedForEncodings = 0;
			knownRegions = (
				en,
				Base,
			);
			mainGroup = C121CE3C1DB73330008EE9BD;
			productRefGroup = C121CE461DB73330008EE9BD /* Products */;
			projectDirPath = "";
			projectRoot = "";
			targets = (
				C121CE441DB73330008EE9BD /* BuildGuild */,
				C121CE5B1DB73330008EE9BD /* BuildGuildTests */,
				C121CE661DB73330008EE9BD /* BuildGuildUITests */,
			);
		};
/* End PBXProject section */

/* Begin PBXResourcesBuildPhase section */
		C121CE431DB73330008EE9BD /* Resources */ = {
			isa = PBXResourcesBuildPhase;
			buildActionMask = 2147483647;
			files = (
				C121CE561DB73330008EE9BD /* LaunchScreen.storyboard in Resources */,
				C121CE531DB73330008EE9BD /* Assets.xcassets in Resources */,
				C121CE4E1DB73330008EE9BD /* Main.storyboard in Resources */,
			);
			runOnlyForDeploymentPostprocessing = 0;
		};
		C121CE5A1DB73330008EE9BD /* Resources */ = {
			isa = PBXResourcesBuildPhase;
			buildActionMask = 2147483647;
			files = (
			);
			runOnlyForDeploymentPostprocessing = 0;
		};
		C121CE651DB73330008EE9BD /* Resources */ = {
			isa = PBXResourcesBuildPhase;
			buildActionMask = 2147483647;
			files = (
			);
			runOnlyForDeploymentPostprocessing = 0;
		};
/* End PBXResourcesBuildPhase section */

/* Begin PBXShellScriptBuildPhase section */
		0254400BFB8233238F58D54C /* [CP] Copy Pods Resources */ = {
			isa = PBXShellScriptBuildPhase;
			buildActionMask = 2147483647;
			files = (
			);
			inputPaths = (
			);
			name = "[CP] Copy Pods Resources";
			outputPaths = (
			);
			runOnlyForDeploymentPostprocessing = 0;
			shellPath = /bin/sh;
			shellScript = "\"${SRCROOT}/Pods/Target Support Files/Pods-BuildGuild/Pods-BuildGuild-resources.sh\"\n";
			showEnvVarsInLog = 0;
		};
		2C02CBB326BF8F0E3F7F8F8F /* [CP] Copy Pods Resources */ = {
			isa = PBXShellScriptBuildPhase;
			buildActionMask = 2147483647;
			files = (
			);
			inputPaths = (
			);
			name = "[CP] Copy Pods Resources";
			outputPaths = (
			);
			runOnlyForDeploymentPostprocessing = 0;
			shellPath = /bin/sh;
			shellScript = "\"${SRCROOT}/Pods/Target Support Files/Pods-BuildGuildTests/Pods-BuildGuildTests-resources.sh\"\n";
			showEnvVarsInLog = 0;
		};
		2E637791A0ADE290E583BBB8 /* [CP] Check Pods Manifest.lock */ = {
			isa = PBXShellScriptBuildPhase;
			buildActionMask = 2147483647;
			files = (
			);
			inputPaths = (
			);
			name = "[CP] Check Pods Manifest.lock";
			outputPaths = (
			);
			runOnlyForDeploymentPostprocessing = 0;
			shellPath = /bin/sh;
			shellScript = "diff \"${PODS_ROOT}/../Podfile.lock\" \"${PODS_ROOT}/Manifest.lock\" > /dev/null\nif [[ $? != 0 ]] ; then\n    cat << EOM\nerror: The sandbox is not in sync with the Podfile.lock. Run 'pod install' or update your CocoaPods installation.\nEOM\n    exit 1\nfi\n";
			showEnvVarsInLog = 0;
		};
		696CBE02D944834486B8B563 /* [CP] Check Pods Manifest.lock */ = {
			isa = PBXShellScriptBuildPhase;
			buildActionMask = 2147483647;
			files = (
			);
			inputPaths = (
			);
			name = "[CP] Check Pods Manifest.lock";
			outputPaths = (
			);
			runOnlyForDeploymentPostprocessing = 0;
			shellPath = /bin/sh;
			shellScript = "diff \"${PODS_ROOT}/../Podfile.lock\" \"${PODS_ROOT}/Manifest.lock\" > /dev/null\nif [[ $? != 0 ]] ; then\n    cat << EOM\nerror: The sandbox is not in sync with the Podfile.lock. Run 'pod install' or update your CocoaPods installation.\nEOM\n    exit 1\nfi\n";
			showEnvVarsInLog = 0;
		};
		8F076C354B758D03EA81612F /* [CP] Check Pods Manifest.lock */ = {
			isa = PBXShellScriptBuildPhase;
			buildActionMask = 2147483647;
			files = (
			);
			inputPaths = (
			);
			name = "[CP] Check Pods Manifest.lock";
			outputPaths = (
			);
			runOnlyForDeploymentPostprocessing = 0;
			shellPath = /bin/sh;
			shellScript = "diff \"${PODS_ROOT}/../Podfile.lock\" \"${PODS_ROOT}/Manifest.lock\" > /dev/null\nif [[ $? != 0 ]] ; then\n    cat << EOM\nerror: The sandbox is not in sync with the Podfile.lock. Run 'pod install' or update your CocoaPods installation.\nEOM\n    exit 1\nfi\n";
			showEnvVarsInLog = 0;
		};
		A2508EC6F0357212BE08CE9B /* [CP] Copy Pods Resources */ = {
			isa = PBXShellScriptBuildPhase;
			buildActionMask = 2147483647;
			files = (
			);
			inputPaths = (
			);
			name = "[CP] Copy Pods Resources";
			outputPaths = (
			);
			runOnlyForDeploymentPostprocessing = 0;
			shellPath = /bin/sh;
			shellScript = "\"${SRCROOT}/Pods/Target Support Files/Pods-BuildGuildUITests/Pods-BuildGuildUITests-resources.sh\"\n";
			showEnvVarsInLog = 0;
		};
		AC52AF70E781E4E269C01538 /* [CP] Embed Pods Frameworks */ = {
			isa = PBXShellScriptBuildPhase;
			buildActionMask = 2147483647;
			files = (
			);
			inputPaths = (
			);
			name = "[CP] Embed Pods Frameworks";
			outputPaths = (
			);
			runOnlyForDeploymentPostprocessing = 0;
			shellPath = /bin/sh;
			shellScript = "\"${SRCROOT}/Pods/Target Support Files/Pods-BuildGuild/Pods-BuildGuild-frameworks.sh\"\n";
			showEnvVarsInLog = 0;
		};
		E3FA34B5D146D3E34EF57EE8 /* [CP] Embed Pods Frameworks */ = {
			isa = PBXShellScriptBuildPhase;
			buildActionMask = 2147483647;
			files = (
			);
			inputPaths = (
			);
			name = "[CP] Embed Pods Frameworks";
			outputPaths = (
			);
			runOnlyForDeploymentPostprocessing = 0;
			shellPath = /bin/sh;
			shellScript = "\"${SRCROOT}/Pods/Target Support Files/Pods-BuildGuildTests/Pods-BuildGuildTests-frameworks.sh\"\n";
			showEnvVarsInLog = 0;
		};
/* End PBXShellScriptBuildPhase section */

/* Begin PBXSourcesBuildPhase section */
		C121CE411DB73330008EE9BD /* Sources */ = {
			isa = PBXSourcesBuildPhase;
			buildActionMask = 2147483647;
			files = (
				C121CE4B1DB73330008EE9BD /* ViewController.swift in Sources */,
				C121CE7E1DB76769008EE9BD /* PkmnTableViewController.swift in Sources */,
				C121CE511DB73330008EE9BD /* BuildGuild.xcdatamodeld in Sources */,
				C121CE801DB76813008EE9BD /* Pkmn.swift in Sources */,
				C121CE491DB73330008EE9BD /* AppDelegate.swift in Sources */,
				C121CE7C1DB764C1008EE9BD /* PkmnTableViewCell.swift in Sources */,
			);
			runOnlyForDeploymentPostprocessing = 0;
		};
		C121CE581DB73330008EE9BD /* Sources */ = {
			isa = PBXSourcesBuildPhase;
			buildActionMask = 2147483647;
			files = (
				C121CE611DB73330008EE9BD /* BuildGuildTests.swift in Sources */,
			);
			runOnlyForDeploymentPostprocessing = 0;
		};
		C121CE631DB73330008EE9BD /* Sources */ = {
			isa = PBXSourcesBuildPhase;
			buildActionMask = 2147483647;
			files = (
				C121CE6C1DB73330008EE9BD /* BuildGuildUITests.swift in Sources */,
			);
			runOnlyForDeploymentPostprocessing = 0;
		};
/* End PBXSourcesBuildPhase section */

/* Begin PBXTargetDependency section */
		C121CE5E1DB73330008EE9BD /* PBXTargetDependency */ = {
			isa = PBXTargetDependency;
			target = C121CE441DB73330008EE9BD /* BuildGuild */;
			targetProxy = C121CE5D1DB73330008EE9BD /* PBXContainerItemProxy */;
		};
		C121CE691DB73330008EE9BD /* PBXTargetDependency */ = {
			isa = PBXTargetDependency;
			target = C121CE441DB73330008EE9BD /* BuildGuild */;
			targetProxy = C121CE681DB73330008EE9BD /* PBXContainerItemProxy */;
		};
/* End PBXTargetDependency section */

/* Begin PBXVariantGroup section */
		C121CE4C1DB73330008EE9BD /* Main.storyboard */ = {
			isa = PBXVariantGroup;
			children = (
				C121CE4D1DB73330008EE9BD /* Base */,
			);
			name = Main.storyboard;
			sourceTree = "<group>";
		};
		C121CE541DB73330008EE9BD /* LaunchScreen.storyboard */ = {
			isa = PBXVariantGroup;
			children = (
				C121CE551DB73330008EE9BD /* Base */,
			);
			name = LaunchScreen.storyboard;
			sourceTree = "<group>";
		};
/* End PBXVariantGroup section */

/* Begin XCBuildConfiguration section */
		C121CE6E1DB73330008EE9BD /* Debug */ = {
			isa = XCBuildConfiguration;
			buildSettings = {
				ALWAYS_SEARCH_USER_PATHS = NO;
				CLANG_ANALYZER_NONNULL = YES;
				CLANG_CXX_LANGUAGE_STANDARD = "gnu++0x";
				CLANG_CXX_LIBRARY = "libc++";
				CLANG_ENABLE_MODULES = YES;
				CLANG_ENABLE_OBJC_ARC = YES;
				CLANG_WARN_BOOL_CONVERSION = YES;
				CLANG_WARN_CONSTANT_CONVERSION = YES;
				CLANG_WARN_DIRECT_OBJC_ISA_USAGE = YES_ERROR;
				CLANG_WARN_EMPTY_BODY = YES;
				CLANG_WARN_ENUM_CONVERSION = YES;
				CLANG_WARN_INT_CONVERSION = YES;
				CLANG_WARN_OBJC_ROOT_CLASS = YES_ERROR;
				CLANG_WARN_UNREACHABLE_CODE = YES;
				CLANG_WARN__DUPLICATE_METHOD_MATCH = YES;
				"CODE_SIGN_IDENTITY[sdk=iphoneos*]" = "iPhone Developer";
				COPY_PHASE_STRIP = NO;
				DEBUG_INFORMATION_FORMAT = dwarf;
				ENABLE_STRICT_OBJC_MSGSEND = YES;
				ENABLE_TESTABILITY = YES;
				GCC_C_LANGUAGE_STANDARD = gnu99;
				GCC_DYNAMIC_NO_PIC = NO;
				GCC_NO_COMMON_BLOCKS = YES;
				GCC_OPTIMIZATION_LEVEL = 0;
				GCC_PREPROCESSOR_DEFINITIONS = (
					"DEBUG=1",
					"$(inherited)",
				);
				GCC_WARN_64_TO_32_BIT_CONVERSION = YES;
				GCC_WARN_ABOUT_RETURN_TYPE = YES_ERROR;
				GCC_WARN_UNDECLARED_SELECTOR = YES;
				GCC_WARN_UNINITIALIZED_AUTOS = YES_AGGRESSIVE;
				GCC_WARN_UNUSED_FUNCTION = YES;
				GCC_WARN_UNUSED_VARIABLE = YES;
				IPHONEOS_DEPLOYMENT_TARGET = 9.3;
				MTL_ENABLE_DEBUG_INFO = YES;
				ONLY_ACTIVE_ARCH = YES;
				SDKROOT = iphoneos;
				SWIFT_OPTIMIZATION_LEVEL = "-Onone";
			};
			name = Debug;
		};
		C121CE6F1DB73330008EE9BD /* Release */ = {
			isa = XCBuildConfiguration;
			buildSettings = {
				ALWAYS_SEARCH_USER_PATHS = NO;
				CLANG_ANALYZER_NONNULL = YES;
				CLANG_CXX_LANGUAGE_STANDARD = "gnu++0x";
				CLANG_CXX_LIBRARY = "libc++";
				CLANG_ENABLE_MODULES = YES;
				CLANG_ENABLE_OBJC_ARC = YES;
				CLANG_WARN_BOOL_CONVERSION = YES;
				CLANG_WARN_CONSTANT_CONVERSION = YES;
				CLANG_WARN_DIRECT_OBJC_ISA_USAGE = YES_ERROR;
				CLANG_WARN_EMPTY_BODY = YES;
				CLANG_WARN_ENUM_CONVERSION = YES;
				CLANG_WARN_INT_CONVERSION = YES;
				CLANG_WARN_OBJC_ROOT_CLASS = YES_ERROR;
				CLANG_WARN_UNREACHABLE_CODE = YES;
				CLANG_WARN__DUPLICATE_METHOD_MATCH = YES;
				"CODE_SIGN_IDENTITY[sdk=iphoneos*]" = "iPhone Developer";
				COPY_PHASE_STRIP = NO;
				DEBUG_INFORMATION_FORMAT = "dwarf-with-dsym";
				ENABLE_NS_ASSERTIONS = NO;
				ENABLE_STRICT_OBJC_MSGSEND = YES;
				GCC_C_LANGUAGE_STANDARD = gnu99;
				GCC_NO_COMMON_BLOCKS = YES;
				GCC_WARN_64_TO_32_BIT_CONVERSION = YES;
				GCC_WARN_ABOUT_RETURN_TYPE = YES_ERROR;
				GCC_WARN_UNDECLARED_SELECTOR = YES;
				GCC_WARN_UNINITIALIZED_AUTOS = YES_AGGRESSIVE;
				GCC_WARN_UNUSED_FUNCTION = YES;
				GCC_WARN_UNUSED_VARIABLE = YES;
				IPHONEOS_DEPLOYMENT_TARGET = 9.3;
				MTL_ENABLE_DEBUG_INFO = NO;
				SDKROOT = iphoneos;
				VALIDATE_PRODUCT = YES;
			};
			name = Release;
		};
		C121CE711DB73330008EE9BD /* Debug */ = {
			isa = XCBuildConfiguration;
			baseConfigurationReference = A6D64817541DC1B83181A9F5 /* Pods-BuildGuild.debug.xcconfig */;
			buildSettings = {
				ASSETCATALOG_COMPILER_APPICON_NAME = AppIcon;
				CODE_SIGN_IDENTITY = "iPhone Developer";
				"CODE_SIGN_IDENTITY[sdk=iphoneos*]" = "iPhone Developer";
				INFOPLIST_FILE = BuildGuild/Info.plist;
				LD_RUNPATH_SEARCH_PATHS = "$(inherited) @executable_path/Frameworks";
				PRODUCT_BUNDLE_IDENTIFIER = edu.asu.bsse.nkrogsta.BuildGuild;
				PRODUCT_NAME = "$(TARGET_NAME)";
				PROVISIONING_PROFILE = "";
			};
			name = Debug;
		};
		C121CE721DB73330008EE9BD /* Release */ = {
			isa = XCBuildConfiguration;
			baseConfigurationReference = ABF66337758597CA0FC5E235 /* Pods-BuildGuild.release.xcconfig */;
			buildSettings = {
				ASSETCATALOG_COMPILER_APPICON_NAME = AppIcon;
				CODE_SIGN_IDENTITY = "iPhone Developer";
				"CODE_SIGN_IDENTITY[sdk=iphoneos*]" = "iPhone Developer";
				INFOPLIST_FILE = BuildGuild/Info.plist;
				LD_RUNPATH_SEARCH_PATHS = "$(inherited) @executable_path/Frameworks";
				PRODUCT_BUNDLE_IDENTIFIER = edu.asu.bsse.nkrogsta.BuildGuild;
				PRODUCT_NAME = "$(TARGET_NAME)";
				PROVISIONING_PROFILE = "";
			};
			name = Release;
		};
		C121CE741DB73330008EE9BD /* Debug */ = {
			isa = XCBuildConfiguration;
			baseConfigurationReference = EE8B4476BF06F7088CFE8E50 /* Pods-BuildGuildTests.debug.xcconfig */;
			buildSettings = {
				BUNDLE_LOADER = "$(TEST_HOST)";
				INFOPLIST_FILE = BuildGuildTests/Info.plist;
				LD_RUNPATH_SEARCH_PATHS = "$(inherited) @executable_path/Frameworks @loader_path/Frameworks";
				PRODUCT_BUNDLE_IDENTIFIER = edu.asu.bsse.nkrogsta.BuildGuildTests;
				PRODUCT_NAME = "$(TARGET_NAME)";
				TEST_HOST = "$(BUILT_PRODUCTS_DIR)/BuildGuild.app/BuildGuild";
			};
			name = Debug;
		};
		C121CE751DB73330008EE9BD /* Release */ = {
			isa = XCBuildConfiguration;
			baseConfigurationReference = BDD0C6E4956D1DEA12B30A1B /* Pods-BuildGuildTests.release.xcconfig */;
			buildSettings = {
				BUNDLE_LOADER = "$(TEST_HOST)";
				INFOPLIST_FILE = BuildGuildTests/Info.plist;
				LD_RUNPATH_SEARCH_PATHS = "$(inherited) @executable_path/Frameworks @loader_path/Frameworks";
				PRODUCT_BUNDLE_IDENTIFIER = edu.asu.bsse.nkrogsta.BuildGuildTests;
				PRODUCT_NAME = "$(TARGET_NAME)";
				TEST_HOST = "$(BUILT_PRODUCTS_DIR)/BuildGuild.app/BuildGuild";
			};
			name = Release;
		};
		C121CE771DB73330008EE9BD /* Debug */ = {
			isa = XCBuildConfiguration;
			baseConfigurationReference = CE839F0CE94A8BB44C77BED0 /* Pods-BuildGuildUITests.debug.xcconfig */;
			buildSettings = {
				INFOPLIST_FILE = BuildGuildUITests/Info.plist;
				LD_RUNPATH_SEARCH_PATHS = "$(inherited) @executable_path/Frameworks @loader_path/Frameworks";
				PRODUCT_BUNDLE_IDENTIFIER = edu.asu.bsse.nkrogsta.BuildGuildUITests;
				PRODUCT_NAME = "$(TARGET_NAME)";
				TEST_TARGET_NAME = BuildGuild;
			};
			name = Debug;
		};
		C121CE781DB73330008EE9BD /* Release */ = {
			isa = XCBuildConfiguration;
			baseConfigurationReference = FCEE7E0AD2AF65BF1944D2DA /* Pods-BuildGuildUITests.release.xcconfig */;
			buildSettings = {
				INFOPLIST_FILE = BuildGuildUITests/Info.plist;
				LD_RUNPATH_SEARCH_PATHS = "$(inherited) @executable_path/Frameworks @loader_path/Frameworks";
				PRODUCT_BUNDLE_IDENTIFIER = edu.asu.bsse.nkrogsta.BuildGuildUITests;
				PRODUCT_NAME = "$(TARGET_NAME)";
				TEST_TARGET_NAME = BuildGuild;
			};
			name = Release;
		};
/* End XCBuildConfiguration section */

/* Begin XCConfigurationList section */
		C121CE401DB73330008EE9BD /* Build configuration list for PBXProject "BuildGuild" */ = {
			isa = XCConfigurationList;
			buildConfigurations = (
				C121CE6E1DB73330008EE9BD /* Debug */,
				C121CE6F1DB73330008EE9BD /* Release */,
			);
			defaultConfigurationIsVisible = 0;
			defaultConfigurationName = Release;
		};
		C121CE701DB73330008EE9BD /* Build configuration list for PBXNativeTarget "BuildGuild" */ = {
			isa = XCConfigurationList;
			buildConfigurations = (
				C121CE711DB73330008EE9BD /* Debug */,
				C121CE721DB73330008EE9BD /* Release */,
			);
			defaultConfigurationIsVisible = 0;
			defaultConfigurationName = Release;
		};
		C121CE731DB73330008EE9BD /* Build configuration list for PBXNativeTarget "BuildGuildTests" */ = {
			isa = XCConfigurationList;
			buildConfigurations = (
				C121CE741DB73330008EE9BD /* Debug */,
				C121CE751DB73330008EE9BD /* Release */,
			);
			defaultConfigurationIsVisible = 0;
			defaultConfigurationName = Release;
		};
		C121CE761DB73330008EE9BD /* Build configuration list for PBXNativeTarget "BuildGuildUITests" */ = {
			isa = XCConfigurationList;
			buildConfigurations = (
				C121CE771DB73330008EE9BD /* Debug */,
				C121CE781DB73330008EE9BD /* Release */,
			);
			defaultConfigurationIsVisible = 0;
			defaultConfigurationName = Release;
		};
/* End XCConfigurationList section */

/* Begin XCVersionGroup section */
		C121CE4F1DB73330008EE9BD /* BuildGuild.xcdatamodeld */ = {
			isa = XCVersionGroup;
			children = (
				C121CE501DB73330008EE9BD /* BuildGuild.xcdatamodel */,
			);
			currentVersion = C121CE501DB73330008EE9BD /* BuildGuild.xcdatamodel */;
			path = BuildGuild.xcdatamodeld;
			sourceTree = "<group>";
			versionGroupType = wrapper.xcdatamodel;
		};
/* End XCVersionGroup section */
	};
	rootObject = C121CE3D1DB73330008EE9BD /* Project object */;
}
